
Microsoft Visual Studio Solution File, Format Version 12.00
# Visual Studio Version 16
VisualStudioVersion = 16.0.31624.102
MinimumVisualStudioVersion = 10.0.40219.1
Project("{888888A0-9F3D-457C-B088-3A5042F75D52}") = "Lab6_py", "Lab6_py\Lab6_py.pyproj", "{BAEE1166-A743-48FB-AFD5-57D904362D85}"
EndProject
Global
	GlobalSection(SolutionConfigurationPlatforms) = preSolution
		Debug|Any CPU = Debug|Any CPU
		Release|Any CPU = Release|Any CPU
	EndGlobalSection
	GlobalSection(ProjectConfigurationPlatforms) = postSolution
		{BAEE1166-A743-48FB-AFD5-57D904362D85}.Debug|Any CPU.ActiveCfg = Debug|Any CPU
		{BAEE1166-A743-48FB-AFD5-57D904362D85}.Release|Any CPU.ActiveCfg = Release|Any CPU
	EndGlobalSection
	GlobalSection(SolutionProperties) = preSolution
		HideSolutionNode = FALSE
	EndGlobalSection
	GlobalSection(ExtensibilityGlobals) = postSolution
		SolutionGuid = {05FD45C7-A9DE-4F1B-A267-BEBB341D81FE}
	EndGlobalSection
EndGlobal
